%{
  "nimble_options": {:hex, :nimble_options, "0.3.7", "1e52dd7673d36138b1a5dede183b5d86dff175dc46d104a8e98e396b85b04670", [:mix], [], "hexpm", "2086907e6665c6b6579be54ef5001928df5231f355f71ed258f80a55e9f63633"},
  "prompt": {:hex, :prompt, "0.10.0", "91bc0912ad3a3619faa404211a65c197afb7bcac1c8c97c34872b0ad3bba4b40", [:mix], [{:nimble_options, "~> 0.3.0", [hex: :nimble_options, repo: "hexpm", optional: false]}], "hexpm", "53f74d766442a56cc878631233de012a36a6c4e8a5d24b96f12246e339483fce"},
}
